
Microsoft Visual Studio Solution File, Format Version 12.00
# Visual Studio Version 17
VisualStudioVersion = 17.5.33414.496
MinimumVisualStudioVersion = 10.0.40219.1
Project("{FAE04EC0-301F-11D3-BF4B-00C04F79EFBC}") = "Vet", "Vet\Vet.csproj", "{7E3C9E9E-58FE-4F14-B694-A98F6CF939AD}"
EndProject
Global
	GlobalSection(SolutionConfigurationPlatforms) = preSolution
		Debug|Any CPU = Debug|Any CPU
		Release|Any CPU = Release|Any CPU
	EndGlobalSection
	GlobalSection(ProjectConfigurationPlatforms) = postSolution
		{7E3C9E9E-58FE-4F14-B694-A98F6CF939AD}.Debug|Any CPU.ActiveCfg = Debug|Any CPU
		{7E3C9E9E-58FE-4F14-B694-A98F6CF939AD}.Debug|Any CPU.Build.0 = Debug|Any CPU
		{7E3C9E9E-58FE-4F14-B694-A98F6CF939AD}.Release|Any CPU.ActiveCfg = Release|Any CPU
		{7E3C9E9E-58FE-4F14-B694-A98F6CF939AD}.Release|Any CPU.Build.0 = Release|Any CPU
	EndGlobalSection
	GlobalSection(SolutionProperties) = preSolution
		HideSolutionNode = FALSE
	EndGlobalSection
	GlobalSection(ExtensibilityGlobals) = postSolution
		SolutionGuid = {5FF79043-1ED2-40A1-9E4B-D7A53EAB0633}
	EndGlobalSection
EndGlobal
