
Microsoft Visual Studio Solution File, Format Version 12.00
# Visual Studio Version 17
VisualStudioVersion = 17.5.33414.496
MinimumVisualStudioVersion = 10.0.40219.1
Project("{FAE04EC0-301F-11D3-BF4B-00C04F79EFBC}") = "Weterynarze", "Weterynarze\Weterynarze.csproj", "{44B1242A-A6C3-49FA-9196-CD04E93C2DBA}"
EndProject
Global
	GlobalSection(SolutionConfigurationPlatforms) = preSolution
		Debug|Any CPU = Debug|Any CPU
		Release|Any CPU = Release|Any CPU
	EndGlobalSection
	GlobalSection(ProjectConfigurationPlatforms) = postSolution
		{44B1242A-A6C3-49FA-9196-CD04E93C2DBA}.Debug|Any CPU.ActiveCfg = Debug|Any CPU
		{44B1242A-A6C3-49FA-9196-CD04E93C2DBA}.Debug|Any CPU.Build.0 = Debug|Any CPU
		{44B1242A-A6C3-49FA-9196-CD04E93C2DBA}.Release|Any CPU.ActiveCfg = Release|Any CPU
		{44B1242A-A6C3-49FA-9196-CD04E93C2DBA}.Release|Any CPU.Build.0 = Release|Any CPU
	EndGlobalSection
	GlobalSection(SolutionProperties) = preSolution
		HideSolutionNode = FALSE
	EndGlobalSection
	GlobalSection(ExtensibilityGlobals) = postSolution
		SolutionGuid = {65AFC659-7663-46F4-84C6-21BEF4942F60}
	EndGlobalSection
EndGlobal
